Microsoft Visual Studio Solution File, Format Version 12.00
# Visual Studio Version 17
VisualStudioVersion = 17.0.31903.59
MinimumVisualStudioVersion = 10.0.40219.1
Project("{2150E333-8FDC-42A3-9474-1A3956D46DE8}") = "src", "src", "{827E0CD3-B72D-47B6-A68D-7590B98EB39B}"
EndProject
Project("{FAE04EC0-301F-11D3-BF4B-00C04F79EFBC}") = "KuchniaUCygana.Web", "src\KuchniaUCygana.Web\KuchniaUCygana.Web.csproj", "{B77D9029-A599-4ED5-813F-CE27C055F569}"
EndProject
Project("{FAE04EC0-301F-11D3-BF4B-00C04F79EFBC}") = "KuchniaUCygana.Application", "src\KuchniaUCygana.Application\KuchniaUCygana.Application.csproj", "{D233A97B-22F2-4E5C-ADA5-414677EA9CB5}"
EndProject
Project("{FAE04EC0-301F-11D3-BF4B-00C04F79EFBC}") = "KuchniaUCygana.Domain", "src\KuchniaUCygana.Domain\KuchniaUCygana.Domain.csproj", "{3CBF34EC-CA8B-45A9-B1D0-5B0DB9435119}"
EndProject
Project("{FAE04EC0-301F-11D3-BF4B-00C04F79EFBC}") = "KuchniaUCygana.Infrastructure", "src\KuchniaUCygana.Infrastructure\KuchniaUCygana.Infrastructure.csproj", "{4D9B80B2-CF74-427F-9252-70F7645296D2}"
EndProject
Project("{2150E333-8FDC-42A3-9474-1A3956D46DE8}") = "tests", "tests", "{0AB3BF05-4346-4AA6-1389-037BE0695223}"
EndProject
Project("{2150E333-8FDC-42A3-9474-1A3956D46DE8}") = "config", "config", "{F1AF10DE-9951-4B80-B3E5-87993F1752FD}"
	ProjectSection(SolutionItems) = preProject
		.editorconfig = .editorconfig
		.gitignore = .gitignore
		Directory.Build.props = Directory.Build.props
		docker-compose.yml = docker-compose.yml
		stylecop.json = stylecop.json
	EndProjectSection
EndProject
Project("{FAE04EC0-301F-11D3-BF4B-00C04F79EFBC}") = "KuchniaUCygana.Tests", "tests\KuchniaUCygana.Tests\KuchniaUCygana.Tests.csproj", "{013942C5-B6D6-48C1-8993-8143C51BB503}"
EndProject
Global
	GlobalSection(SolutionConfigurationPlatforms) = preSolution
		Debug|Any CPU = Debug|Any CPU
		Debug|x64 = Debug|x64
		Debug|x86 = Debug|x86
		Release|Any CPU = Release|Any CPU
		Release|x64 = Release|x64
		Release|x86 = Release|x86
	EndGlobalSection
	GlobalSection(ProjectConfigurationPlatforms) = postSolution
		{B77D9029-A599-4ED5-813F-CE27C055F569}.Debug|Any CPU.ActiveCfg = Debug|Any CPU
		{B77D9029-A599-4ED5-813F-CE27C055F569}.Debug|Any CPU.Build.0 = Debug|Any CPU
		{B77D9029-A599-4ED5-813F-CE27C055F569}.Debug|x64.ActiveCfg = Debug|Any CPU
		{B77D9029-A599-4ED5-813F-CE27C055F569}.Debug|x64.Build.0 = Debug|Any CPU
		{B77D9029-A599-4ED5-813F-CE27C055F569}.Debug|x86.ActiveCfg = Debug|Any CPU
		{B77D9029-A599-4ED5-813F-CE27C055F569}.Debug|x86.Build.0 = Debug|Any CPU
		{B77D9029-A599-4ED5-813F-CE27C055F569}.Release|Any CPU.ActiveCfg = Release|Any CPU
		{B77D9029-A599-4ED5-813F-CE27C055F569}.Release|Any CPU.Build.0 = Release|Any CPU
		{B77D9029-A599-4ED5-813F-CE27C055F569}.Release|x64.ActiveCfg = Release|Any CPU
		{B77D9029-A599-4ED5-813F-CE27C055F569}.Release|x64.Build.0 = Release|Any CPU
		{B77D9029-A599-4ED5-813F-CE27C055F569}.Release|x86.ActiveCfg = Release|Any CPU
		{B77D9029-A599-4ED5-813F-CE27C055F569}.Release|x86.Build.0 = Release|Any CPU
		{D233A97B-22F2-4E5C-ADA5-414677EA9CB5}.Debug|Any CPU.ActiveCfg = Debug|Any CPU
		{D233A97B-22F2-4E5C-ADA5-414677EA9CB5}.Debug|Any CPU.Build.0 = Debug|Any CPU
		{D233A97B-22F2-4E5C-ADA5-414677EA9CB5}.Debug|x64.ActiveCfg = Debug|Any CPU
		{D233A97B-22F2-4E5C-ADA5-414677EA9CB5}.Debug|x64.Build.0 = Debug|Any CPU
		{D233A97B-22F2-4E5C-ADA5-414677EA9CB5}.Debug|x86.ActiveCfg = Debug|Any CPU
		{D233A97B-22F2-4E5C-ADA5-414677EA9CB5}.Debug|x86.Build.0 = Debug|Any CPU
		{D233A97B-22F2-4E5C-ADA5-414677EA9CB5}.Release|Any CPU.ActiveCfg = Release|Any CPU
		{D233A97B-22F2-4E5C-ADA5-414677EA9CB5}.Release|Any CPU.Build.0 = Release|Any CPU
		{D233A97B-22F2-4E5C-ADA5-414677EA9CB5}.Release|x64.ActiveCfg = Release|Any CPU
		{D233A97B-22F2-4E5C-ADA5-414677EA9CB5}.Release|x64.Build.0 = Release|Any CPU
		{D233A97B-22F2-4E5C-ADA5-414677EA9CB5}.Release|x86.ActiveCfg = Release|Any CPU
		{D233A97B-22F2-4E5C-ADA5-414677EA9CB5}.Release|x86.Build.0 = Release|Any CPU
		{3CBF34EC-CA8B-45A9-B1D0-5B0DB9435119}.Debug|Any CPU.ActiveCfg = Debug|Any CPU
		{3CBF34EC-CA8B-45A9-B1D0-5B0DB9435119}.Debug|Any CPU.Build.0 = Debug|Any CPU
		{3CBF34EC-CA8B-45A9-B1D0-5B0DB9435119}.Debug|x64.ActiveCfg = Debug|Any CPU
		{3CBF34EC-CA8B-45A9-B1D0-5B0DB9435119}.Debug|x64.Build.0 = Debug|Any CPU
		{3CBF34EC-CA8B-45A9-B1D0-5B0DB9435119}.Debug|x86.ActiveCfg = Debug|Any CPU
		{3CBF34EC-CA8B-45A9-B1D0-5B0DB9435119}.Debug|x86.Build.0 = Debug|Any CPU
		{3CBF34EC-CA8B-45A9-B1D0-5B0DB9435119}.Release|Any CPU.ActiveCfg = Release|Any CPU
		{3CBF34EC-CA8B-45A9-B1D0-5B0DB9435119}.Release|Any CPU.Build.0 = Release|Any CPU
		{3CBF34EC-CA8B-45A9-B1D0-5B0DB9435119}.Release|x64.ActiveCfg = Release|Any CPU
		{3CBF34EC-CA8B-45A9-B1D0-5B0DB9435119}.Release|x64.Build.0 = Release|Any CPU
		{3CBF34EC-CA8B-45A9-B1D0-5B0DB9435119}.Release|x86.ActiveCfg = Release|Any CPU
		{3CBF34EC-CA8B-45A9-B1D0-5B0DB9435119}.Release|x86.Build.0 = Release|Any CPU
		{4D9B80B2-CF74-427F-9252-70F7645296D2}.Debug|Any CPU.ActiveCfg = Debug|Any CPU
		{4D9B80B2-CF74-427F-9252-70F7645296D2}.Debug|Any CPU.Build.0 = Debug|Any CPU
		{4D9B80B2-CF74-427F-9252-70F7645296D2}.Debug|x64.ActiveCfg = Debug|Any CPU
		{4D9B80B2-CF74-427F-9252-70F7645296D2}.Debug|x64.Build.0 = Debug|Any CPU
		{4D9B80B2-CF74-427F-9252-70F7645296D2}.Debug|x86.ActiveCfg = Debug|Any CPU
		{4D9B80B2-CF74-427F-9252-70F7645296D2}.Debug|x86.Build.0 = Debug|Any CPU
		{4D9B80B2-CF74-427F-9252-70F7645296D2}.Release|Any CPU.ActiveCfg = Release|Any CPU
		{4D9B80B2-CF74-427F-9252-70F7645296D2}.Release|Any CPU.Build.0 = Release|Any CPU
		{4D9B80B2-CF74-427F-9252-70F7645296D2}.Release|x64.ActiveCfg = Release|Any CPU
		{4D9B80B2-CF74-427F-9252-70F7645296D2}.Release|x64.Build.0 = Release|Any CPU
		{4D9B80B2-CF74-427F-9252-70F7645296D2}.Release|x86.ActiveCfg = Release|Any CPU
		{4D9B80B2-CF74-427F-9252-70F7645296D2}.Release|x86.Build.0 = Release|Any CPU
		{013942C5-B6D6-48C1-8993-8143C51BB503}.Debug|Any CPU.ActiveCfg = Debug|Any CPU
		{013942C5-B6D6-48C1-8993-8143C51BB503}.Debug|Any CPU.Build.0 = Debug|Any CPU
		{013942C5-B6D6-48C1-8993-8143C51BB503}.Debug|x64.ActiveCfg = Debug|Any CPU
		{013942C5-B6D6-48C1-8993-8143C51BB503}.Debug|x64.Build.0 = Debug|Any CPU
		{013942C5-B6D6-48C1-8993-8143C51BB503}.Debug|x86.ActiveCfg = Debug|Any CPU
		{013942C5-B6D6-48C1-8993-8143C51BB503}.Debug|x86.Build.0 = Debug|Any CPU
		{013942C5-B6D6-48C1-8993-8143C51BB503}.Release|Any CPU.ActiveCfg = Release|Any CPU
		{013942C5-B6D6-48C1-8993-8143C51BB503}.Release|Any CPU.Build.0 = Release|Any CPU
		{013942C5-B6D6-48C1-8993-8143C51BB503}.Release|x64.ActiveCfg = Release|Any CPU
		{013942C5-B6D6-48C1-8993-8143C51BB503}.Release|x64.Build.0 = Release|Any CPU
		{013942C5-B6D6-48C1-8993-8143C51BB503}.Release|x86.ActiveCfg = Release|Any CPU
		{013942C5-B6D6-48C1-8993-8143C51BB503}.Release|x86.Build.0 = Release|Any CPU
	EndGlobalSection
	GlobalSection(SolutionProperties) = preSolution
		HideSolutionNode = FALSE
	EndGlobalSection
	GlobalSection(NestedProjects) = preSolution
		{B77D9029-A599-4ED5-813F-CE27C055F569} = {827E0CD3-B72D-47B6-A68D-7590B98EB39B}
		{D233A97B-22F2-4E5C-ADA5-414677EA9CB5} = {827E0CD3-B72D-47B6-A68D-7590B98EB39B}
		{3CBF34EC-CA8B-45A9-B1D0-5B0DB9435119} = {827E0CD3-B72D-47B6-A68D-7590B98EB39B}
		{4D9B80B2-CF74-427F-9252-70F7645296D2} = {827E0CD3-B72D-47B6-A68D-7590B98EB39B}
		{013942C5-B6D6-48C1-8993-8143C51BB503} = {0AB3BF05-4346-4AA6-1389-037BE0695223}
	EndGlobalSection
	GlobalSection(ExtensibilityGlobals) = postSolution
		SolutionGuid = {2E401C70-95DA-4500-B848-AD1A46CE8899}
	EndGlobalSection
EndGlobal
